
Microsoft Visual Studio Solution File, Format Version 12.00
# Visual Studio Version 17
VisualStudioVersion = 17.4.33213.308
MinimumVisualStudioVersion = 10.0.40219.1
Project("{FAE04EC0-301F-11D3-BF4B-00C04F79EFBC}") = "1Kelime1İşlem", "1Kelime1İşlem\1Kelime1İşlem.csproj", "{3F00C2C9-67F6-45CF-9DE0-8AEE7368167F}"
EndProject
Global
	GlobalSection(SolutionConfigurationPlatforms) = preSolution
		Debug|Any CPU = Debug|Any CPU
		Release|Any CPU = Release|Any CPU
	EndGlobalSection
	GlobalSection(ProjectConfigurationPlatforms) = postSolution
		{3F00C2C9-67F6-45CF-9DE0-8AEE7368167F}.Debug|Any CPU.ActiveCfg = Debug|Any CPU
		{3F00C2C9-67F6-45CF-9DE0-8AEE7368167F}.Debug|Any CPU.Build.0 = Debug|Any CPU
		{3F00C2C9-67F6-45CF-9DE0-8AEE7368167F}.Release|Any CPU.ActiveCfg = Release|Any CPU
		{3F00C2C9-67F6-45CF-9DE0-8AEE7368167F}.Release|Any CPU.Build.0 = Release|Any CPU
	EndGlobalSection
	GlobalSection(SolutionProperties) = preSolution
		HideSolutionNode = FALSE
	EndGlobalSection
	GlobalSection(ExtensibilityGlobals) = postSolution
		SolutionGuid = {6BA9BF4E-0D19-471E-B1C5-69A4EFA0FE02}
	EndGlobalSection
EndGlobal
